
Microsoft Visual Studio Solution File, Format Version 12.00
# Visual Studio Version 16
VisualStudioVersion = 16.0.29709.97
MinimumVisualStudioVersion = 10.0.40219.1
Project("{888888A0-9F3D-457C-B088-3A5042F75D52}") = "Roles", "Roles\Roles.pyproj", "{5F56ECBC-1858-4765-9110-76A99B41BD7C}"
EndProject
Global
	GlobalSection(SolutionConfigurationPlatforms) = preSolution
		Debug|Any CPU = Debug|Any CPU
		Release|Any CPU = Release|Any CPU
	EndGlobalSection
	GlobalSection(ProjectConfigurationPlatforms) = postSolution
		{5F56ECBC-1858-4765-9110-76A99B41BD7C}.Debug|Any CPU.ActiveCfg = Debug|Any CPU
		{5F56ECBC-1858-4765-9110-76A99B41BD7C}.Release|Any CPU.ActiveCfg = Release|Any CPU
	EndGlobalSection
	GlobalSection(SolutionProperties) = preSolution
		HideSolutionNode = FALSE
	EndGlobalSection
	GlobalSection(ExtensibilityGlobals) = postSolution
		SolutionGuid = {C25763B0-62B9-47F7-BAB4-7752C9B58615}
	EndGlobalSection
EndGlobal
